// !$*UTF8*$!
{
	archiveVersion = 1;
	classes = {
	};
	objectVersion = 46;
	objects = {

/* Begin PBXBuildFile section */
		8B778E101CFD371800EB14CF /* NineThViewController.m in Sources */ = {isa = PBXBuildFile; fileRef = 8B778E0F1CFD371800EB14CF /* NineThViewController.m */; };
		8B778E131CFD397700EB14CF /* TenViewController.m in Sources */ = {isa = PBXBuildFile; fileRef = 8B778E121CFD397700EB14CF /* TenViewController.m */; };
		8B8E55161CFAF525001D3CA6 /* SixthViewController.m in Sources */ = {isa = PBXBuildFile; fileRef = 8B8E55151CFAF525001D3CA6 /* SixthViewController.m */; };
		8B8E55191CFC16EB001D3CA6 /* SevenViewController.m in Sources */ = {isa = PBXBuildFile; fileRef = 8B8E55181CFC16EB001D3CA6 /* SevenViewController.m */; };
		8B8E551C1CFC16F8001D3CA6 /* EightViewController.m in Sources */ = {isa = PBXBuildFile; fileRef = 8B8E551B1CFC16F8001D3CA6 /* EightViewController.m */; };
		8B9B500D1CEDF79C00C7BB7C /* main.m in Sources */ = {isa = PBXBuildFile; fileRef = 8B9B500C1CEDF79C00C7BB7C /* main.m */; };
		8B9B50101CEDF79C00C7BB7C /* AppDelegate.m in Sources */ = {isa = PBXBuildFile; fileRef = 8B9B500F1CEDF79C00C7BB7C /* AppDelegate.m */; };
		8B9B50131CEDF79C00C7BB7C /* ViewController.m in Sources */ = {isa = PBXBuildFile; fileRef = 8B9B50121CEDF79C00C7BB7C /* ViewController.m */; };
		8B9B50161CEDF79C00C7BB7C /* Main.storyboard in Resources */ = {isa = PBXBuildFile; fileRef = 8B9B50141CEDF79C00C7BB7C /* Main.storyboard */; };
		8B9B50181CEDF79C00C7BB7C /* Assets.xcassets in Resources */ = {isa = PBXBuildFile; fileRef = 8B9B50171CEDF79C00C7BB7C /* Assets.xcassets */; };
		8B9B501B1CEDF79C00C7BB7C /* LaunchScreen.storyboard in Resources */ = {isa = PBXBuildFile; fileRef = 8B9B50191CEDF79C00C7BB7C /* LaunchScreen.storyboard */; };
		8B9B50261CEDF79C00C7BB7C /* TitleMenuViewTests.m in Sources */ = {isa = PBXBuildFile; fileRef = 8B9B50251CEDF79C00C7BB7C /* TitleMenuViewTests.m */; };
		8B9B50311CEDF79C00C7BB7C /* TitleMenuViewUITests.m in Sources */ = {isa = PBXBuildFile; fileRef = 8B9B50301CEDF79C00C7BB7C /* TitleMenuViewUITests.m */; };
		8B9B50461CEF462300C7BB7C /* TitleMenuView.m in Sources */ = {isa = PBXBuildFile; fileRef = 8B9B50451CEF462300C7BB7C /* TitleMenuView.m */; };
		8B9B50491CF0760500C7BB7C /* FirstViewController.m in Sources */ = {isa = PBXBuildFile; fileRef = 8B9B50481CF0760500C7BB7C /* FirstViewController.m */; };
		8B9B504C1CF0761000C7BB7C /* SecondViewController.m in Sources */ = {isa = PBXBuildFile; fileRef = 8B9B504B1CF0761000C7BB7C /* SecondViewController.m */; };
		8B9B50511CF5347E00C7BB7C /* ThirdViewController.m in Sources */ = {isa = PBXBuildFile; fileRef = 8B9B50501CF5347E00C7BB7C /* ThirdViewController.m */; };
		8BA095561CF57B3600732EF0 /* FourthViewController.m in Sources */ = {isa = PBXBuildFile; fileRef = 8BA095551CF57B3600732EF0 /* FourthViewController.m */; };
		8BCFA8FF1CF59ABA001539D3 /* FifthViewController.m in Sources */ = {isa = PBXBuildFile; fileRef = 8BCFA8FE1CF59ABA001539D3 /* FifthViewController.m */; };
/* End PBXBuildFile section */

/* Begin PBXContainerItemProxy section */
		8B9B50221CEDF79C00C7BB7C /* PBXContainerItemProxy */ = {
			isa = PBXContainerItemProxy;
			containerPortal = 8B9B50001CEDF79B00C7BB7C /* Project object */;
			proxyType = 1;
			remoteGlobalIDString = 8B9B50071CEDF79C00C7BB7C;
			remoteInfo = TitleMenuView;
		};
		8B9B502D1CEDF79C00C7BB7C /* PBXContainerItemProxy */ = {
			isa = PBXContainerItemProxy;
			containerPortal = 8B9B50001CEDF79B00C7BB7C /* Project object */;
			proxyType = 1;
			remoteGlobalIDString = 8B9B50071CEDF79C00C7BB7C;
			remoteInfo = TitleMenuView;
		};
/* End PBXContainerItemProxy section */

/* Begin PBXFileReference section */
		8B778E0E1CFD371800EB14CF /* NineThViewController.h */ = {isa = PBXFileReference; fileEncoding = 4; lastKnownFileType = sourcecode.c.h; path = NineThViewController.h; sourceTree = "<group>"; };
		8B778E0F1CFD371800EB14CF /* NineThViewController.m */ = {isa = PBXFileReference; fileEncoding = 4; lastKnownFileType = sourcecode.c.objc; path = NineThViewController.m; sourceTree = "<group>"; };
		8B778E111CFD397700EB14CF /* TenViewController.h */ = {isa = PBXFileReference; fileEncoding = 4; lastKnownFileType = sourcecode.c.h; path = TenViewController.h; sourceTree = "<group>"; };
		8B778E121CFD397700EB14CF /* TenViewController.m */ = {isa = PBXFileReference; fileEncoding = 4; lastKnownFileType = sourcecode.c.objc; path = TenViewController.m; sourceTree = "<group>"; };
		8B8E55141CFAF525001D3CA6 /* SixthViewController.h */ = {isa = PBXFileReference; fileEncoding = 4; lastKnownFileType = sourcecode.c.h; path = SixthViewController.h; sourceTree = "<group>"; };
		8B8E55151CFAF525001D3CA6 /* SixthViewController.m */ = {isa = PBXFileReference; fileEncoding = 4; lastKnownFileType = sourcecode.c.objc; path = SixthViewController.m; sourceTree = "<group>"; };
		8B8E55171CFC16EB001D3CA6 /* SevenViewController.h */ = {isa = PBXFileReference; fileEncoding = 4; lastKnownFileType = sourcecode.c.h; path = SevenViewController.h; sourceTree = "<group>"; };
		8B8E55181CFC16EB001D3CA6 /* SevenViewController.m */ = {isa = PBXFileReference; fileEncoding = 4; lastKnownFileType = sourcecode.c.objc; path = SevenViewController.m; sourceTree = "<group>"; };
		8B8E551A1CFC16F8001D3CA6 /* EightViewController.h */ = {isa = PBXFileReference; fileEncoding = 4; lastKnownFileType = sourcecode.c.h; path = EightViewController.h; sourceTree = "<group>"; };
		8B8E551B1CFC16F8001D3CA6 /* EightViewController.m */ = {isa = PBXFileReference; fileEncoding = 4; lastKnownFileType = sourcecode.c.objc; path = EightViewController.m; sourceTree = "<group>"; };
		8B9B50081CEDF79C00C7BB7C /* TitleMenuView.app */ = {isa = PBXFileReference; explicitFileType = wrapper.application; includeInIndex = 0; path = TitleMenuView.app; sourceTree = BUILT_PRODUCTS_DIR; };
		8B9B500C1CEDF79C00C7BB7C /* main.m */ = {isa = PBXFileReference; lastKnownFileType = sourcecode.c.objc; path = main.m; sourceTree = "<group>"; };
		8B9B500E1CEDF79C00C7BB7C /* AppDelegate.h */ = {isa = PBXFileReference; lastKnownFileType = sourcecode.c.h; path = AppDelegate.h; sourceTree = "<group>"; };
		8B9B500F1CEDF79C00C7BB7C /* AppDelegate.m */ = {isa = PBXFileReference; lastKnownFileType = sourcecode.c.objc; path = AppDelegate.m; sourceTree = "<group>"; };
		8B9B50111CEDF79C00C7BB7C /* ViewController.h */ = {isa = PBXFileReference; lastKnownFileType = sourcecode.c.h; path = ViewController.h; sourceTree = "<group>"; };
		8B9B50121CEDF79C00C7BB7C /* ViewController.m */ = {isa = PBXFileReference; lastKnownFileType = sourcecode.c.objc; path = ViewController.m; sourceTree = "<group>"; };
		8B9B50151CEDF79C00C7BB7C /* Base */ = {isa = PBXFileReference; lastKnownFileType = file.storyboard; name = Base; path = Base.lproj/Main.storyboard; sourceTree = "<group>"; };
		8B9B50171CEDF79C00C7BB7C /* Assets.xcassets */ = {isa = PBXFileReference; lastKnownFileType = folder.assetcatalog; path = Assets.xcassets; sourceTree = "<group>"; };
		8B9B501A1CEDF79C00C7BB7C /* Base */ = {isa = PBXFileReference; lastKnownFileType = file.storyboard; name = Base; path = Base.lproj/LaunchScreen.storyboard; sourceTree = "<group>"; };
		8B9B501C1CEDF79C00C7BB7C /* Info.plist */ = {isa = PBXFileReference; lastKnownFileType = text.plist.xml; path = Info.plist; sourceTree = "<group>"; };
		8B9B50211CEDF79C00C7BB7C /* TitleMenuViewTests.xctest */ = {isa = PBXFileReference; explicitFileType = wrapper.cfbundle; includeInIndex = 0; path = TitleMenuViewTests.xctest; sourceTree = BUILT_PRODUCTS_DIR; };
		8B9B50251CEDF79C00C7BB7C /* TitleMenuViewTests.m */ = {isa = PBXFileReference; lastKnownFileType = sourcecode.c.objc; path = TitleMenuViewTests.m; sourceTree = "<group>"; };
		8B9B50271CEDF79C00C7BB7C /* Info.plist */ = {isa = PBXFileReference; lastKnownFileType = text.plist.xml; path = Info.plist; sourceTree = "<group>"; };
		8B9B502C1CEDF79C00C7BB7C /* TitleMenuViewUITests.xctest */ = {isa = PBXFileReference; explicitFileType = wrapper.cfbundle; includeInIndex = 0; path = TitleMenuViewUITests.xctest; sourceTree = BUILT_PRODUCTS_DIR; };
		8B9B50301CEDF79C00C7BB7C /* TitleMenuViewUITests.m */ = {isa = PBXFileReference; lastKnownFileType = sourcecode.c.objc; path = TitleMenuViewUITests.m; sourceTree = "<group>"; };
		8B9B50321CEDF79C00C7BB7C /* Info.plist */ = {isa = PBXFileReference; lastKnownFileType = text.plist.xml; path = Info.plist; sourceTree = "<group>"; };
		8B9B50441CEF462300C7BB7C /* TitleMenuView.h */ = {isa = PBXFileReference; fileEncoding = 4; lastKnownFileType = sourcecode.c.h; path = TitleMenuView.h; sourceTree = "<group>"; };
		8B9B50451CEF462300C7BB7C /* TitleMenuView.m */ = {isa = PBXFileReference; fileEncoding = 4; lastKnownFileType = sourcecode.c.objc; path = TitleMenuView.m; sourceTree = "<group>"; };
		8B9B50471CF0760500C7BB7C /* FirstViewController.h */ = {isa = PBXFileReference; fileEncoding = 4; lastKnownFileType = sourcecode.c.h; path = FirstViewController.h; sourceTree = "<group>"; };
		8B9B50481CF0760500C7BB7C /* FirstViewController.m */ = {isa = PBXFileReference; fileEncoding = 4; lastKnownFileType = sourcecode.c.objc; path = FirstViewController.m; sourceTree = "<group>"; };
		8B9B504A1CF0761000C7BB7C /* SecondViewController.h */ = {isa = PBXFileReference; fileEncoding = 4; lastKnownFileType = sourcecode.c.h; path = SecondViewController.h; sourceTree = "<group>"; };
		8B9B504B1CF0761000C7BB7C /* SecondViewController.m */ = {isa = PBXFileReference; fileEncoding = 4; lastKnownFileType = sourcecode.c.objc; path = SecondViewController.m; sourceTree = "<group>"; };
		8B9B504F1CF5347E00C7BB7C /* ThirdViewController.h */ = {isa = PBXFileReference; fileEncoding = 4; lastKnownFileType = sourcecode.c.h; path = ThirdViewController.h; sourceTree = "<group>"; };
		8B9B50501CF5347E00C7BB7C /* ThirdViewController.m */ = {isa = PBXFileReference; fileEncoding = 4; lastKnownFileType = sourcecode.c.objc; path = ThirdViewController.m; sourceTree = "<group>"; };
		8BA095541CF57B3600732EF0 /* FourthViewController.h */ = {isa = PBXFileReference; fileEncoding = 4; lastKnownFileType = sourcecode.c.h; path = FourthViewController.h; sourceTree = "<group>"; };
		8BA095551CF57B3600732EF0 /* FourthViewController.m */ = {isa = PBXFileReference; fileEncoding = 4; lastKnownFileType = sourcecode.c.objc; path = FourthViewController.m; sourceTree = "<group>"; };
		8BCFA8FD1CF59ABA001539D3 /* FifthViewController.h */ = {isa = PBXFileReference; fileEncoding = 4; lastKnownFileType = sourcecode.c.h; path = FifthViewController.h; sourceTree = "<group>"; };
		8BCFA8FE1CF59ABA001539D3 /* FifthViewController.m */ = {isa = PBXFileReference; fileEncoding = 4; lastKnownFileType = sourcecode.c.objc; path = FifthViewController.m; sourceTree = "<group>"; };
/* End PBXFileReference section */

/* Begin PBXFrameworksBuildPhase section */
		8B9B50051CEDF79C00C7BB7C /* Frameworks */ = {
			isa = PBXFrameworksBuildPhase;
			buildActionMask = 2147483647;
			files = (
			);
			runOnlyForDeploymentPostprocessing = 0;
		};
		8B9B501E1CEDF79C00C7BB7C /* Frameworks */ = {
			isa = PBXFrameworksBuildPhase;
			buildActionMask = 2147483647;
			files = (
			);
			runOnlyForDeploymentPostprocessing = 0;
		};
		8B9B50291CEDF79C00C7BB7C /* Frameworks */ = {
			isa = PBXFrameworksBuildPhase;
			buildActionMask = 2147483647;
			files = (
			);
			runOnlyForDeploymentPostprocessing = 0;
		};
/* End PBXFrameworksBuildPhase section */

/* Begin PBXGroup section */
		8B8E55131CFAF4BD001D3CA6 /* vc */ = {
			isa = PBXGroup;
			children = (
				8B9B50471CF0760500C7BB7C /* FirstViewController.h */,
				8B9B50481CF0760500C7BB7C /* FirstViewController.m */,
				8B9B504A1CF0761000C7BB7C /* SecondViewController.h */,
				8B9B504B1CF0761000C7BB7C /* SecondViewController.m */,
				8B9B504F1CF5347E00C7BB7C /* ThirdViewController.h */,
				8B9B50501CF5347E00C7BB7C /* ThirdViewController.m */,
				8BA095541CF57B3600732EF0 /* FourthViewController.h */,
				8BA095551CF57B3600732EF0 /* FourthViewController.m */,
				8BCFA8FD1CF59ABA001539D3 /* FifthViewController.h */,
				8BCFA8FE1CF59ABA001539D3 /* FifthViewController.m */,
				8B8E55141CFAF525001D3CA6 /* SixthViewController.h */,
				8B8E55151CFAF525001D3CA6 /* SixthViewController.m */,
				8B8E55171CFC16EB001D3CA6 /* SevenViewController.h */,
				8B8E55181CFC16EB001D3CA6 /* SevenViewController.m */,
				8B8E551A1CFC16F8001D3CA6 /* EightViewController.h */,
				8B8E551B1CFC16F8001D3CA6 /* EightViewController.m */,
				8B778E0E1CFD371800EB14CF /* NineThViewController.h */,
				8B778E0F1CFD371800EB14CF /* NineThViewController.m */,
				8B778E111CFD397700EB14CF /* TenViewController.h */,
				8B778E121CFD397700EB14CF /* TenViewController.m */,
			);
			name = vc;
			sourceTree = "<group>";
		};
		8B9B4FFF1CEDF79B00C7BB7C = {
			isa = PBXGroup;
			children = (
				8B9B500A1CEDF79C00C7BB7C /* TitleMenuView */,
				8B9B50241CEDF79C00C7BB7C /* TitleMenuViewTests */,
				8B9B502F1CEDF79C00C7BB7C /* TitleMenuViewUITests */,
				8B9B50091CEDF79C00C7BB7C /* Products */,
			);
			sourceTree = "<group>";
		};
		8B9B50091CEDF79C00C7BB7C /* Products */ = {
			isa = PBXGroup;
			children = (
				8B9B50081CEDF79C00C7BB7C /* TitleMenuView.app */,
				8B9B50211CEDF79C00C7BB7C /* TitleMenuViewTests.xctest */,
				8B9B502C1CEDF79C00C7BB7C /* TitleMenuViewUITests.xctest */,
			);
			name = Products;
			sourceTree = "<group>";
		};
		8B9B500A1CEDF79C00C7BB7C /* TitleMenuView */ = {
			isa = PBXGroup;
			children = (
				8B9B504D1CF43D3200C7BB7C /* TitleMenu */,
				8B9B500E1CEDF79C00C7BB7C /* AppDelegate.h */,
				8B9B500F1CEDF79C00C7BB7C /* AppDelegate.m */,
				8B9B50111CEDF79C00C7BB7C /* ViewController.h */,
				8B9B50121CEDF79C00C7BB7C /* ViewController.m */,
				8B8E55131CFAF4BD001D3CA6 /* vc */,
				8B9B50141CEDF79C00C7BB7C /* Main.storyboard */,
				8B9B50171CEDF79C00C7BB7C /* Assets.xcassets */,
				8B9B50191CEDF79C00C7BB7C /* LaunchScreen.storyboard */,
				8B9B501C1CEDF79C00C7BB7C /* Info.plist */,
				8B9B500B1CEDF79C00C7BB7C /* Supporting Files */,
			);
			path = TitleMenuView;
			sourceTree = "<group>";
		};
		8B9B500B1CEDF79C00C7BB7C /* Supporting Files */ = {
			isa = PBXGroup;
			children = (
				8B9B500C1CEDF79C00C7BB7C /* main.m */,
			);
			name = "Supporting Files";
			sourceTree = "<group>";
		};
		8B9B50241CEDF79C00C7BB7C /* TitleMenuViewTests */ = {
			isa = PBXGroup;
			children = (
				8B9B50251CEDF79C00C7BB7C /* TitleMenuViewTests.m */,
				8B9B50271CEDF79C00C7BB7C /* Info.plist */,
			);
			path = TitleMenuViewTests;
			sourceTree = "<group>";
		};
		8B9B502F1CEDF79C00C7BB7C /* TitleMenuViewUITests */ = {
			isa = PBXGroup;
			children = (
				8B9B50301CEDF79C00C7BB7C /* TitleMenuViewUITests.m */,
				8B9B50321CEDF79C00C7BB7C /* Info.plist */,
			);
			path = TitleMenuViewUITests;
			sourceTree = "<group>";
		};
		8B9B504D1CF43D3200C7BB7C /* TitleMenu */ = {
			isa = PBXGroup;
			children = (
				8B9B50441CEF462300C7BB7C /* TitleMenuView.h */,
				8B9B50451CEF462300C7BB7C /* TitleMenuView.m */,
			);
			name = TitleMenu;
			sourceTree = "<group>";
		};
/* End PBXGroup section */

/* Begin PBXNativeTarget section */
		8B9B50071CEDF79C00C7BB7C /* TitleMenuView */ = {
			isa = PBXNativeTarget;
			buildConfigurationList = 8B9B50351CEDF79C00C7BB7C /* Build configuration list for PBXNativeTarget "TitleMenuView" */;
			buildPhases = (
				8B9B50041CEDF79C00C7BB7C /* Sources */,
				8B9B50051CEDF79C00C7BB7C /* Frameworks */,
				8B9B50061CEDF79C00C7BB7C /* Resources */,
			);
			buildRules = (
			);
			dependencies = (
			);
			name = TitleMenuView;
			productName = TitleMenuView;
			productReference = 8B9B50081CEDF79C00C7BB7C /* TitleMenuView.app */;
			productType = "com.apple.product-type.application";
		};
		8B9B50201CEDF79C00C7BB7C /* TitleMenuViewTests */ = {
			isa = PBXNativeTarget;
			buildConfigurationList = 8B9B50381CEDF79C00C7BB7C /* Build configuration list for PBXNativeTarget "TitleMenuViewTests" */;
			buildPhases = (
				8B9B501D1CEDF79C00C7BB7C /* Sources */,
				8B9B501E1CEDF79C00C7BB7C /* Frameworks */,
				8B9B501F1CEDF79C00C7BB7C /* Resources */,
			);
			buildRules = (
			);
			dependencies = (
				8B9B50231CEDF79C00C7BB7C /* PBXTargetDependency */,
			);
			name = TitleMenuViewTests;
			productName = TitleMenuViewTests;
			productReference = 8B9B50211CEDF79C00C7BB7C /* TitleMenuViewTests.xctest */;
			productType = "com.apple.product-type.bundle.unit-test";
		};
		8B9B502B1CEDF79C00C7BB7C /* TitleMenuViewUITests */ = {
			isa = PBXNativeTarget;
			buildConfigurationList = 8B9B503B1CEDF79C00C7BB7C /* Build configuration list for PBXNativeTarget "TitleMenuViewUITests" */;
			buildPhases = (
				8B9B50281CEDF79C00C7BB7C /* Sources */,
				8B9B50291CEDF79C00C7BB7C /* Frameworks */,
				8B9B502A1CEDF79C00C7BB7C /* Resources */,
			);
			buildRules = (
			);
			dependencies = (
				8B9B502E1CEDF79C00C7BB7C /* PBXTargetDependency */,
			);
			name = TitleMenuViewUITests;
			productName = TitleMenuViewUITests;
			productReference = 8B9B502C1CEDF79C00C7BB7C /* TitleMenuViewUITests.xctest */;
			productType = "com.apple.product-type.bundle.ui-testing";
		};
/* End PBXNativeTarget section */

/* Begin PBXProject section */
		8B9B50001CEDF79B00C7BB7C /* Project object */ = {
			isa = PBXProject;
			attributes = {
				LastUpgradeCheck = 0800;
				ORGANIZATIONNAME = luochen;
				TargetAttributes = {
					8B9B50071CEDF79C00C7BB7C = {
						CreatedOnToolsVersion = 7.3.1;
					};
					8B9B50201CEDF79C00C7BB7C = {
						CreatedOnToolsVersion = 7.3.1;
						TestTargetID = 8B9B50071CEDF79C00C7BB7C;
					};
					8B9B502B1CEDF79C00C7BB7C = {
						CreatedOnToolsVersion = 7.3.1;
						TestTargetID = 8B9B50071CEDF79C00C7BB7C;
					};
				};
			};
			buildConfigurationList = 8B9B50031CEDF79B00C7BB7C /* Build configuration list for PBXProject "TitleMenuView" */;
			compatibilityVersion = "Xcode 3.2";
			developmentRegion = English;
			hasScannedForEncodings = 0;
			knownRegions = (
				en,
				Base,
			);
			mainGroup = 8B9B4FFF1CEDF79B00C7BB7C;
			productRefGroup = 8B9B50091CEDF79C00C7BB7C /* Products */;
			projectDirPath = "";
			projectRoot = "";
			targets = (
				8B9B50071CEDF79C00C7BB7C /* TitleMenuView */,
				8B9B50201CEDF79C00C7BB7C /* TitleMenuViewTests */,
				8B9B502B1CEDF79C00C7BB7C /* TitleMenuViewUITests */,
			);
		};
/* End PBXProject section */

/* Begin PBXResourcesBuildPhase section */
		8B9B50061CEDF79C00C7BB7C /* Resources */ = {
			isa = PBXResourcesBuildPhase;
			buildActionMask = 2147483647;
			files = (
				8B9B501B1CEDF79C00C7BB7C /* LaunchScreen.storyboard in Resources */,
				8B9B50181CEDF79C00C7BB7C /* Assets.xcassets in Resources */,
				8B9B50161CEDF79C00C7BB7C /* Main.storyboard in Resources */,
			);
			runOnlyForDeploymentPostprocessing = 0;
		};
		8B9B501F1CEDF79C00C7BB7C /* Resources */ = {
			isa = PBXResourcesBuildPhase;
			buildActionMask = 2147483647;
			files = (
			);
			runOnlyForDeploymentPostprocessing = 0;
		};
		8B9B502A1CEDF79C00C7BB7C /* Resources */ = {
			isa = PBXResourcesBuildPhase;
			buildActionMask = 2147483647;
			files = (
			);
			runOnlyForDeploymentPostprocessing = 0;
		};
/* End PBXResourcesBuildPhase section */

/* Begin PBXSourcesBuildPhase section */
		8B9B50041CEDF79C00C7BB7C /* Sources */ = {
			isa = PBXSourcesBuildPhase;
			buildActionMask = 2147483647;
			files = (
				8B778E131CFD397700EB14CF /* TenViewController.m in Sources */,
				8BCFA8FF1CF59ABA001539D3 /* FifthViewController.m in Sources */,
				8BA095561CF57B3600732EF0 /* FourthViewController.m in Sources */,
				8B9B504C1CF0761000C7BB7C /* SecondViewController.m in Sources */,
				8B8E55191CFC16EB001D3CA6 /* SevenViewController.m in Sources */,
				8B9B50461CEF462300C7BB7C /* TitleMenuView.m in Sources */,
				8B9B50131CEDF79C00C7BB7C /* ViewController.m in Sources */,
				8B9B50491CF0760500C7BB7C /* FirstViewController.m in Sources */,
				8B9B50101CEDF79C00C7BB7C /* AppDelegate.m in Sources */,
				8B8E551C1CFC16F8001D3CA6 /* EightViewController.m in Sources */,
				8B9B500D1CEDF79C00C7BB7C /* main.m in Sources */,
				8B9B50511CF5347E00C7BB7C /* ThirdViewController.m in Sources */,
				8B778E101CFD371800EB14CF /* NineThViewController.m in Sources */,
				8B8E55161CFAF525001D3CA6 /* SixthViewController.m in Sources */,
			);
			runOnlyForDeploymentPostprocessing = 0;
		};
		8B9B501D1CEDF79C00C7BB7C /* Sources */ = {
			isa = PBXSourcesBuildPhase;
			buildActionMask = 2147483647;
			files = (
				8B9B50261CEDF79C00C7BB7C /* TitleMenuViewTests.m in Sources */,
			);
			runOnlyForDeploymentPostprocessing = 0;
		};
		8B9B50281CEDF79C00C7BB7C /* Sources */ = {
			isa = PBXSourcesBuildPhase;
			buildActionMask = 2147483647;
			files = (
				8B9B50311CEDF79C00C7BB7C /* TitleMenuViewUITests.m in Sources */,
			);
			runOnlyForDeploymentPostprocessing = 0;
		};
/* End PBXSourcesBuildPhase section */

/* Begin PBXTargetDependency section */
		8B9B50231CEDF79C00C7BB7C /* PBXTargetDependency */ = {
			isa = PBXTargetDependency;
			target = 8B9B50071CEDF79C00C7BB7C /* TitleMenuView */;
			targetProxy = 8B9B50221CEDF79C00C7BB7C /* PBXContainerItemProxy */;
		};
		8B9B502E1CEDF79C00C7BB7C /* PBXTargetDependency */ = {
			isa = PBXTargetDependency;
			target = 8B9B50071CEDF79C00C7BB7C /* TitleMenuView */;
			targetProxy = 8B9B502D1CEDF79C00C7BB7C /* PBXContainerItemProxy */;
		};
/* End PBXTargetDependency section */

/* Begin PBXVariantGroup section */
		8B9B50141CEDF79C00C7BB7C /* Main.storyboard */ = {
			isa = PBXVariantGroup;
			children = (
				8B9B50151CEDF79C00C7BB7C /* Base */,
			);
			name = Main.storyboard;
			sourceTree = "<group>";
		};
		8B9B50191CEDF79C00C7BB7C /* LaunchScreen.storyboard */ = {
			isa = PBXVariantGroup;
			children = (
				8B9B501A1CEDF79C00C7BB7C /* Base */,
			);
			name = LaunchScreen.storyboard;
			sourceTree = "<group>";
		};
/* End PBXVariantGroup section */

/* Begin XCBuildConfiguration section */
		8B9B50331CEDF79C00C7BB7C /* Debug */ = {
			isa = XCBuildConfiguration;
			buildSettings = {
				ALWAYS_SEARCH_USER_PATHS = NO;
				CLANG_ANALYZER_NONNULL = YES;
				CLANG_CXX_LANGUAGE_STANDARD = "gnu++0x";
				CLANG_CXX_LIBRARY = "libc++";
				CLANG_ENABLE_MODULES = YES;
				CLANG_ENABLE_OBJC_ARC = YES;
				CLANG_WARN_BOOL_CONVERSION = YES;
				CLANG_WARN_CONSTANT_CONVERSION = YES;
				CLANG_WARN_DIRECT_OBJC_ISA_USAGE = YES_ERROR;
				CLANG_WARN_EMPTY_BODY = YES;
				CLANG_WARN_ENUM_CONVERSION = YES;
				CLANG_WARN_INFINITE_RECURSION = YES;
				CLANG_WARN_INT_CONVERSION = YES;
				CLANG_WARN_OBJC_ROOT_CLASS = YES_ERROR;
				CLANG_WARN_SUSPICIOUS_MOVE = YES;
				CLANG_WARN_UNREACHABLE_CODE = YES;
				CLANG_WARN__DUPLICATE_METHOD_MATCH = YES;
				"CODE_SIGN_IDENTITY[sdk=iphoneos*]" = "iPhone Developer";
				COPY_PHASE_STRIP = NO;
				DEBUG_INFORMATION_FORMAT = dwarf;
				ENABLE_STRICT_OBJC_MSGSEND = YES;
				ENABLE_TESTABILITY = YES;
				GCC_C_LANGUAGE_STANDARD = gnu99;
				GCC_DYNAMIC_NO_PIC = NO;
				GCC_NO_COMMON_BLOCKS = YES;
				GCC_OPTIMIZATION_LEVEL = 0;
				GCC_PREPROCESSOR_DEFINITIONS = (
					"DEBUG=1",
					"$(inherited)",
				);
				GCC_WARN_64_TO_32_BIT_CONVERSION = YES;
				GCC_WARN_ABOUT_RETURN_TYPE = YES_ERROR;
				GCC_WARN_UNDECLARED_SELECTOR = YES;
				GCC_WARN_UNINITIALIZED_AUTOS = YES_AGGRESSIVE;
				GCC_WARN_UNUSED_FUNCTION = YES;
				GCC_WARN_UNUSED_VARIABLE = YES;
				IPHONEOS_DEPLOYMENT_TARGET = 9.3;
				MTL_ENABLE_DEBUG_INFO = YES;
				ONLY_ACTIVE_ARCH = YES;
				SDKROOT = iphoneos;
			};
			name = Debug;
		};
		8B9B50341CEDF79C00C7BB7C /* Release */ = {
			isa = XCBuildConfiguration;
			buildSettings = {
				ALWAYS_SEARCH_USER_PATHS = NO;
				CLANG_ANALYZER_NONNULL = YES;
				CLANG_CXX_LANGUAGE_STANDARD = "gnu++0x";
				CLANG_CXX_LIBRARY = "libc++";
				CLANG_ENABLE_MODULES = YES;
				CLANG_ENABLE_OBJC_ARC = YES;
				CLANG_WARN_BOOL_CONVERSION = YES;
				CLANG_WARN_CONSTANT_CONVERSION = YES;
				CLANG_WARN_DIRECT_OBJC_ISA_USAGE = YES_ERROR;
				CLANG_WARN_EMPTY_BODY = YES;
				CLANG_WARN_ENUM_CONVERSION = YES;
				CLANG_WARN_INFINITE_RECURSION = YES;
				CLANG_WARN_INT_CONVERSION = YES;
				CLANG_WARN_OBJC_ROOT_CLASS = YES_ERROR;
				CLANG_WARN_SUSPICIOUS_MOVE = YES;
				CLANG_WARN_UNREACHABLE_CODE = YES;
				CLANG_WARN__DUPLICATE_METHOD_MATCH = YES;
				"CODE_SIGN_IDENTITY[sdk=iphoneos*]" = "iPhone Developer";
				COPY_PHASE_STRIP = NO;
				DEBUG_INFORMATION_FORMAT = "dwarf-with-dsym";
				ENABLE_NS_ASSERTIONS = NO;
				ENABLE_STRICT_OBJC_MSGSEND = YES;
				GCC_C_LANGUAGE_STANDARD = gnu99;
				GCC_NO_COMMON_BLOCKS = YES;
				GCC_WARN_64_TO_32_BIT_CONVERSION = YES;
				GCC_WARN_ABOUT_RETURN_TYPE = YES_ERROR;
				GCC_WARN_UNDECLARED_SELECTOR = YES;
				GCC_WARN_UNINITIALIZED_AUTOS = YES_AGGRESSIVE;
				GCC_WARN_UNUSED_FUNCTION = YES;
				GCC_WARN_UNUSED_VARIABLE = YES;
				IPHONEOS_DEPLOYMENT_TARGET = 9.3;
				MTL_ENABLE_DEBUG_INFO = NO;
				SDKROOT = iphoneos;
				VALIDATE_PRODUCT = YES;
			};
			name = Release;
		};
		8B9B50361CEDF79C00C7BB7C /* Debug */ = {
			isa = XCBuildConfiguration;
			buildSettings = {
				ASSETCATALOG_COMPILER_APPICON_NAME = AppIcon;
				INFOPLIST_FILE = TitleMenuView/Info.plist;
				LD_RUNPATH_SEARCH_PATHS = "$(inherited) @executable_path/Frameworks";
				PRODUCT_BUNDLE_IDENTIFIER = com.luochen.TitleMenuView;
				PRODUCT_NAME = "$(TARGET_NAME)";
			};
			name = Debug;
		};
		8B9B50371CEDF79C00C7BB7C /* Release */ = {
			isa = XCBuildConfiguration;
			buildSettings = {
				ASSETCATALOG_COMPILER_APPICON_NAME = AppIcon;
				INFOPLIST_FILE = TitleMenuView/Info.plist;
				LD_RUNPATH_SEARCH_PATHS = "$(inherited) @executable_path/Frameworks";
				PRODUCT_BUNDLE_IDENTIFIER = com.luochen.TitleMenuView;
				PRODUCT_NAME = "$(TARGET_NAME)";
			};
			name = Release;
		};
		8B9B50391CEDF79C00C7BB7C /* Debug */ = {
			isa = XCBuildConfiguration;
			buildSettings = {
				BUNDLE_LOADER = "$(TEST_HOST)";
				INFOPLIST_FILE = TitleMenuViewTests/Info.plist;
				LD_RUNPATH_SEARCH_PATHS = "$(inherited) @executable_path/Frameworks @loader_path/Frameworks";
				PRODUCT_BUNDLE_IDENTIFIER = com.luochen.TitleMenuViewTests;
				PRODUCT_NAME = "$(TARGET_NAME)";
				TEST_HOST = "$(BUILT_PRODUCTS_DIR)/TitleMenuView.app/TitleMenuView";
			};
			name = Debug;
		};
		8B9B503A1CEDF79C00C7BB7C /* Release */ = {
			isa = XCBuildConfiguration;
			buildSettings = {
				BUNDLE_LOADER = "$(TEST_HOST)";
				INFOPLIST_FILE = TitleMenuViewTests/Info.plist;
				LD_RUNPATH_SEARCH_PATHS = "$(inherited) @executable_path/Frameworks @loader_path/Frameworks";
				PRODUCT_BUNDLE_IDENTIFIER = com.luochen.TitleMenuViewTests;
				PRODUCT_NAME = "$(TARGET_NAME)";
				TEST_HOST = "$(BUILT_PRODUCTS_DIR)/TitleMenuView.app/TitleMenuView";
			};
			name = Release;
		};
		8B9B503C1CEDF79C00C7BB7C /* Debug */ = {
			isa = XCBuildConfiguration;
			buildSettings = {
				INFOPLIST_FILE = TitleMenuViewUITests/Info.plist;
				LD_RUNPATH_SEARCH_PATHS = "$(inherited) @executable_path/Frameworks @loader_path/Frameworks";
				PRODUCT_BUNDLE_IDENTIFIER = com.luochen.TitleMenuViewUITests;
				PRODUCT_NAME = "$(TARGET_NAME)";
				TEST_TARGET_NAME = TitleMenuView;
			};
			name = Debug;
		};
		8B9B503D1CEDF79C00C7BB7C /* Release */ = {
			isa = XCBuildConfiguration;
			buildSettings = {
				INFOPLIST_FILE = TitleMenuViewUITests/Info.plist;
				LD_RUNPATH_SEARCH_PATHS = "$(inherited) @executable_path/Frameworks @loader_path/Frameworks";
				PRODUCT_BUNDLE_IDENTIFIER = com.luochen.TitleMenuViewUITests;
				PRODUCT_NAME = "$(TARGET_NAME)";
				TEST_TARGET_NAME = TitleMenuView;
			};
			name = Release;
		};
/* End XCBuildConfiguration section */

/* Begin XCConfigurationList section */
		8B9B50031CEDF79B00C7BB7C /* Build configuration list for PBXProject "TitleMenuView" */ = {
			isa = XCConfigurationList;
			buildConfigurations = (
				8B9B50331CEDF79C00C7BB7C /* Debug */,
				8B9B50341CEDF79C00C7BB7C /* Release */,
			);
			defaultConfigurationIsVisible = 0;
			defaultConfigurationName = Release;
		};
		8B9B50351CEDF79C00C7BB7C /* Build configuration list for PBXNativeTarget "TitleMenuView" */ = {
			isa = XCConfigurationList;
			buildConfigurations = (
				8B9B50361CEDF79C00C7BB7C /* Debug */,
				8B9B50371CEDF79C00C7BB7C /* Release */,
			);
			defaultConfigurationIsVisible = 0;
			defaultConfigurationName = Release;
		};
		8B9B50381CEDF79C00C7BB7C /* Build configuration list for PBXNativeTarget "TitleMenuViewTests" */ = {
			isa = XCConfigurationList;
			buildConfigurations = (
				8B9B50391CEDF79C00C7BB7C /* Debug */,
				8B9B503A1CEDF79C00C7BB7C /* Release */,
			);
			defaultConfigurationIsVisible = 0;
			defaultConfigurationName = Release;
		};
		8B9B503B1CEDF79C00C7BB7C /* Build configuration list for PBXNativeTarget "TitleMenuViewUITests" */ = {
			isa = XCConfigurationList;
			buildConfigurations = (
				8B9B503C1CEDF79C00C7BB7C /* Debug */,
				8B9B503D1CEDF79C00C7BB7C /* Release */,
			);
			defaultConfigurationIsVisible = 0;
			defaultConfigurationName = Release;
		};
/* End XCConfigurationList section */
	};
	rootObject = 8B9B50001CEDF79B00C7BB7C /* Project object */;
}
